// !$*UTF8*$!
{
	archiveVersion = 1;
	classes = {
	};
	objectVersion = 51;
	objects = {

/* Begin PBXBuildFile section */
		183CC41026AEA57F00237D32 /* AppDelegate.m in Sources */ = {isa = PBXBuildFile; fileRef = 183CC40F26AEA57F00237D32 /* AppDelegate.m */; };
		183CC41626AEA57F00237D32 /* ViewController.m in Sources */ = {isa = PBXBuildFile; fileRef = 183CC41526AEA57F00237D32 /* ViewController.m */; };
		183CC41926AEA57F00237D32 /* Main.storyboard in Resources */ = {isa = PBXBuildFile; fileRef = 183CC41726AEA57F00237D32 /* Main.storyboard */; };
		183CC41B26AEA58100237D32 /* Assets.xcassets in Resources */ = {isa = PBXBuildFile; fileRef = 183CC41A26AEA58100237D32 /* Assets.xcassets */; };
		183CC41E26AEA58100237D32 /* LaunchScreen.storyboard in Resources */ = {isa = PBXBuildFile; fileRef = 183CC41C26AEA58100237D32 /* LaunchScreen.storyboard */; };
		183CC42126AEA58100237D32 /* main.m in Sources */ = {isa = PBXBuildFile; fileRef = 183CC42026AEA58100237D32 /* main.m */; };
		183CC42B26AEA58100237D32 /* TMDHTests.m in Sources */ = {isa = PBXBuildFile; fileRef = 183CC42A26AEA58100237D32 /* TMDHTests.m */; };
		183CC43626AEA58100237D32 /* TMDHUITests.m in Sources */ = {isa = PBXBuildFile; fileRef = 183CC43526AEA58100237D32 /* TMDHUITests.m */; };
		183CC44626AEB25200237D32 /* TMNavigationVC.m in Sources */ = {isa = PBXBuildFile; fileRef = 183CC44526AEB25200237D32 /* TMNavigationVC.m */; };
		183CC44926AEB2D500237D32 /* TMTabBarVC.m in Sources */ = {isa = PBXBuildFile; fileRef = 183CC44826AEB2D500237D32 /* TMTabBarVC.m */; };
		183CC44C26AEB31900237D32 /* TMTabBarView.m in Sources */ = {isa = PBXBuildFile; fileRef = 183CC44B26AEB31900237D32 /* TMTabBarView.m */; };
		183CC45926AEC11F00237D32 /* UIColor+Extension.m in Sources */ = {isa = PBXBuildFile; fileRef = 183CC45826AEC11F00237D32 /* UIColor+Extension.m */; };
		183CC45C26AEC1F400237D32 /* NSDictionary+Extension.m in Sources */ = {isa = PBXBuildFile; fileRef = 183CC45B26AEC1F400237D32 /* NSDictionary+Extension.m */; };
		183CC46226AEC32200237D32 /* UILabel+Extension.m in Sources */ = {isa = PBXBuildFile; fileRef = 183CC46126AEC32200237D32 /* UILabel+Extension.m */; };
		183CC46726AF9BD500237D32 /* MBProgressHUD+Extension.m in Sources */ = {isa = PBXBuildFile; fileRef = 183CC46626AF9BD500237D32 /* MBProgressHUD+Extension.m */; };
		183CC46C26AF9C0C00237D32 /* MBProgress_success@2x.png in Resources */ = {isa = PBXBuildFile; fileRef = 183CC46826AF9C0B00237D32 /* MBProgress_success@2x.png */; };
		183CC46D26AF9C0C00237D32 /* MBProgress_success@3x.png in Resources */ = {isa = PBXBuildFile; fileRef = 183CC46926AF9C0B00237D32 /* MBProgress_success@3x.png */; };
		183CC46E26AF9C0C00237D32 /* MBProgress_error@2x.png in Resources */ = {isa = PBXBuildFile; fileRef = 183CC46A26AF9C0C00237D32 /* MBProgress_error@2x.png */; };
		183CC46F26AF9C0C00237D32 /* MBProgress_error@3x.png in Resources */ = {isa = PBXBuildFile; fileRef = 183CC46B26AF9C0C00237D32 /* MBProgress_error@3x.png */; };
		183CC47326AFA5F000237D32 /* TMLayerMethods.m in Sources */ = {isa = PBXBuildFile; fileRef = 183CC47226AFA5EF00237D32 /* TMLayerMethods.m */; };
		183CC47626AFA63100237D32 /* TMCommonlyMethods.m in Sources */ = {isa = PBXBuildFile; fileRef = 183CC47526AFA63100237D32 /* TMCommonlyMethods.m */; };
		183CC47926AFB86600237D32 /* TMBaseVC.m in Sources */ = {isa = PBXBuildFile; fileRef = 183CC47826AFB86600237D32 /* TMBaseVC.m */; };
		183CC47D26AFE04400237D32 /* TMTableVC.m in Sources */ = {isa = PBXBuildFile; fileRef = 183CC47C26AFE04400237D32 /* TMTableVC.m */; };
		183CC48026AFE06A00237D32 /* TMCell.m in Sources */ = {isa = PBXBuildFile; fileRef = 183CC47F26AFE06A00237D32 /* TMCell.m */; };
		183CC48326AFE07E00237D32 /* TMCellViewModel.m in Sources */ = {isa = PBXBuildFile; fileRef = 183CC48226AFE07E00237D32 /* TMCellViewModel.m */; };
		183CC48926AFF22200237D32 /* FirstVC.m in Sources */ = {isa = PBXBuildFile; fileRef = 183CC48826AFF22200237D32 /* FirstVC.m */; };
		183CC48D26AFF4F800237D32 /* TMRouter.m in Sources */ = {isa = PBXBuildFile; fileRef = 183CC48C26AFF4F800237D32 /* TMRouter.m */; };
		183CC49726AFF7F200237D32 /* UIViewController+Extension.m in Sources */ = {isa = PBXBuildFile; fileRef = 183CC49626AFF7F200237D32 /* UIViewController+Extension.m */; };
		183CC49A26B007B500237D32 /* TMUserInfo.m in Sources */ = {isa = PBXBuildFile; fileRef = 183CC49926B007B500237D32 /* TMUserInfo.m */; };
		241BB26C5BE2CDC791C4B5DB /* libPods-TMDH.a in Frameworks */ = {isa = PBXBuildFile; fileRef = DC298C6B96EB926A608A44F8 /* libPods-TMDH.a */; };
		9474DAB3D3761456B483AE26 /* libPods-TMDH-TMDHUITests.a in Frameworks */ = {isa = PBXBuildFile; fileRef = 16FB3A2F96225407122C15E4 /* libPods-TMDH-TMDHUITests.a */; };
		DF475AA454552EC5EF07FBFB /* libPods-TMDH-TMDHTests.a in Frameworks */ = {isa = PBXBuildFile; fileRef = F18E9248059D2CBCF39555ED /* libPods-TMDH-TMDHTests.a */; };
/* End PBXBuildFile section */

/* Begin PBXContainerItemProxy section */
		183CC42726AEA58100237D32 /* PBXContainerItemProxy */ = {
			isa = PBXContainerItemProxy;
			containerPortal = 183CC40326AEA57F00237D32 /* Project object */;
			proxyType = 1;
			remoteGlobalIDString = 183CC40A26AEA57F00237D32;
			remoteInfo = TMDH;
		};
		183CC43226AEA58100237D32 /* PBXContainerItemProxy */ = {
			isa = PBXContainerItemProxy;
			containerPortal = 183CC40326AEA57F00237D32 /* Project object */;
			proxyType = 1;
			remoteGlobalIDString = 183CC40A26AEA57F00237D32;
			remoteInfo = TMDH;
		};
/* End PBXContainerItemProxy section */

/* Begin PBXFileReference section */
		0D30B8BBB20470557C4C9111 /* Pods-TMDH-TMDHTests.debug.xcconfig */ = {isa = PBXFileReference; includeInIndex = 1; lastKnownFileType = text.xcconfig; name = "Pods-TMDH-TMDHTests.debug.xcconfig"; path = "Target Support Files/Pods-TMDH-TMDHTests/Pods-TMDH-TMDHTests.debug.xcconfig"; sourceTree = "<group>"; };
		16FB3A2F96225407122C15E4 /* libPods-TMDH-TMDHUITests.a */ = {isa = PBXFileReference; explicitFileType = archive.ar; includeInIndex = 0; path = "libPods-TMDH-TMDHUITests.a"; sourceTree = BUILT_PRODUCTS_DIR; };
		183CC40B26AEA57F00237D32 /* TMDH.app */ = {isa = PBXFileReference; explicitFileType = wrapper.application; includeInIndex = 0; path = TMDH.app; sourceTree = BUILT_PRODUCTS_DIR; };
		183CC40E26AEA57F00237D32 /* AppDelegate.h */ = {isa = PBXFileReference; lastKnownFileType = sourcecode.c.h; path = AppDelegate.h; sourceTree = "<group>"; };
		183CC40F26AEA57F00237D32 /* AppDelegate.m */ = {isa = PBXFileReference; lastKnownFileType = sourcecode.c.objc; path = AppDelegate.m; sourceTree = "<group>"; };
		183CC41426AEA57F00237D32 /* ViewController.h */ = {isa = PBXFileReference; lastKnownFileType = sourcecode.c.h; path = ViewController.h; sourceTree = "<group>"; };
		183CC41526AEA57F00237D32 /* ViewController.m */ = {isa = PBXFileReference; lastKnownFileType = sourcecode.c.objc; path = ViewController.m; sourceTree = "<group>"; };
		183CC41826AEA57F00237D32 /* Base */ = {isa = PBXFileReference; lastKnownFileType = file.storyboard; name = Base; path = Base.lproj/Main.storyboard; sourceTree = "<group>"; };
		183CC41A26AEA58100237D32 /* Assets.xcassets */ = {isa = PBXFileReference; lastKnownFileType = folder.assetcatalog; path = Assets.xcassets; sourceTree = "<group>"; };
		183CC41D26AEA58100237D32 /* Base */ = {isa = PBXFileReference; lastKnownFileType = file.storyboard; name = Base; path = Base.lproj/LaunchScreen.storyboard; sourceTree = "<group>"; };
		183CC41F26AEA58100237D32 /* Info.plist */ = {isa = PBXFileReference; lastKnownFileType = text.plist.xml; path = Info.plist; sourceTree = "<group>"; };
		183CC42026AEA58100237D32 /* main.m */ = {isa = PBXFileReference; lastKnownFileType = sourcecode.c.objc; path = main.m; sourceTree = "<group>"; };
		183CC42626AEA58100237D32 /* TMDHTests.xctest */ = {isa = PBXFileReference; explicitFileType = wrapper.cfbundle; includeInIndex = 0; path = TMDHTests.xctest; sourceTree = BUILT_PRODUCTS_DIR; };
		183CC42A26AEA58100237D32 /* TMDHTests.m */ = {isa = PBXFileReference; lastKnownFileType = sourcecode.c.objc; path = TMDHTests.m; sourceTree = "<group>"; };
		183CC42C26AEA58100237D32 /* Info.plist */ = {isa = PBXFileReference; lastKnownFileType = text.plist.xml; path = Info.plist; sourceTree = "<group>"; };
		183CC43126AEA58100237D32 /* TMDHUITests.xctest */ = {isa = PBXFileReference; explicitFileType = wrapper.cfbundle; includeInIndex = 0; path = TMDHUITests.xctest; sourceTree = BUILT_PRODUCTS_DIR; };
		183CC43526AEA58100237D32 /* TMDHUITests.m */ = {isa = PBXFileReference; lastKnownFileType = sourcecode.c.objc; path = TMDHUITests.m; sourceTree = "<group>"; };
		183CC43726AEA58100237D32 /* Info.plist */ = {isa = PBXFileReference; lastKnownFileType = text.plist.xml; path = Info.plist; sourceTree = "<group>"; };
		183CC44426AEB25200237D32 /* TMNavigationVC.h */ = {isa = PBXFileReference; lastKnownFileType = sourcecode.c.h; path = TMNavigationVC.h; sourceTree = "<group>"; };
		183CC44526AEB25200237D32 /* TMNavigationVC.m */ = {isa = PBXFileReference; lastKnownFileType = sourcecode.c.objc; path = TMNavigationVC.m; sourceTree = "<group>"; };
		183CC44726AEB2D500237D32 /* TMTabBarVC.h */ = {isa = PBXFileReference; lastKnownFileType = sourcecode.c.h; path = TMTabBarVC.h; sourceTree = "<group>"; };
		183CC44826AEB2D500237D32 /* TMTabBarVC.m */ = {isa = PBXFileReference; lastKnownFileType = sourcecode.c.objc; path = TMTabBarVC.m; sourceTree = "<group>"; };
		183CC44A26AEB31900237D32 /* TMTabBarView.h */ = {isa = PBXFileReference; lastKnownFileType = sourcecode.c.h; path = TMTabBarView.h; sourceTree = "<group>"; };
		183CC44B26AEB31900237D32 /* TMTabBarView.m */ = {isa = PBXFileReference; lastKnownFileType = sourcecode.c.objc; path = TMTabBarView.m; sourceTree = "<group>"; };
		183CC44E26AEB38A00237D32 /* PrefixHeader.pch */ = {isa = PBXFileReference; lastKnownFileType = sourcecode.c.h; path = PrefixHeader.pch; sourceTree = "<group>"; };
		183CC44F26AEBB3C00237D32 /* TMGeneralSetting.h */ = {isa = PBXFileReference; lastKnownFileType = sourcecode.c.h; path = TMGeneralSetting.h; sourceTree = "<group>"; };
		183CC45726AEC11F00237D32 /* UIColor+Extension.h */ = {isa = PBXFileReference; lastKnownFileType = sourcecode.c.h; path = "UIColor+Extension.h"; sourceTree = "<group>"; };
		183CC45826AEC11F00237D32 /* UIColor+Extension.m */ = {isa = PBXFileReference; lastKnownFileType = sourcecode.c.objc; path = "UIColor+Extension.m"; sourceTree = "<group>"; };
		183CC45A26AEC1F400237D32 /* NSDictionary+Extension.h */ = {isa = PBXFileReference; lastKnownFileType = sourcecode.c.h; path = "NSDictionary+Extension.h"; sourceTree = "<group>"; };
		183CC45B26AEC1F400237D32 /* NSDictionary+Extension.m */ = {isa = PBXFileReference; lastKnownFileType = sourcecode.c.objc; path = "NSDictionary+Extension.m"; sourceTree = "<group>"; };
		183CC46026AEC32200237D32 /* UILabel+Extension.h */ = {isa = PBXFileReference; lastKnownFileType = sourcecode.c.h; path = "UILabel+Extension.h"; sourceTree = "<group>"; };
		183CC46126AEC32200237D32 /* UILabel+Extension.m */ = {isa = PBXFileReference; lastKnownFileType = sourcecode.c.objc; path = "UILabel+Extension.m"; sourceTree = "<group>"; };
		183CC46526AF9BD500237D32 /* MBProgressHUD+Extension.h */ = {isa = PBXFileReference; lastKnownFileType = sourcecode.c.h; path = "MBProgressHUD+Extension.h"; sourceTree = "<group>"; };
		183CC46626AF9BD500237D32 /* MBProgressHUD+Extension.m */ = {isa = PBXFileReference; lastKnownFileType = sourcecode.c.objc; path = "MBProgressHUD+Extension.m"; sourceTree = "<group>"; };
		183CC46826AF9C0B00237D32 /* MBProgress_success@2x.png */ = {isa = PBXFileReference; lastKnownFileType = image.png; path = "MBProgress_success@2x.png"; sourceTree = "<group>"; };
		183CC46926AF9C0B00237D32 /* MBProgress_success@3x.png */ = {isa = PBXFileReference; lastKnownFileType = image.png; path = "MBProgress_success@3x.png"; sourceTree = "<group>"; };
		183CC46A26AF9C0C00237D32 /* MBProgress_error@2x.png */ = {isa = PBXFileReference; lastKnownFileType = image.png; path = "MBProgress_error@2x.png"; sourceTree = "<group>"; };
		183CC46B26AF9C0C00237D32 /* MBProgress_error@3x.png */ = {isa = PBXFileReference; lastKnownFileType = image.png; path = "MBProgress_error@3x.png"; sourceTree = "<group>"; };
		183CC47126AFA5EF00237D32 /* TMLayerMethods.h */ = {isa = PBXFileReference; lastKnownFileType = sourcecode.c.h; path = TMLayerMethods.h; sourceTree = "<group>"; };
		183CC47226AFA5EF00237D32 /* TMLayerMethods.m */ = {isa = PBXFileReference; lastKnownFileType = sourcecode.c.objc; path = TMLayerMethods.m; sourceTree = "<group>"; };
		183CC47426AFA63100237D32 /* TMCommonlyMethods.h */ = {isa = PBXFileReference; lastKnownFileType = sourcecode.c.h; path = TMCommonlyMethods.h; sourceTree = "<group>"; };
		183CC47526AFA63100237D32 /* TMCommonlyMethods.m */ = {isa = PBXFileReference; lastKnownFileType = sourcecode.c.objc; path = TMCommonlyMethods.m; sourceTree = "<group>"; };
		183CC47726AFB86600237D32 /* TMBaseVC.h */ = {isa = PBXFileReference; lastKnownFileType = sourcecode.c.h; path = TMBaseVC.h; sourceTree = "<group>"; };
		183CC47826AFB86600237D32 /* TMBaseVC.m */ = {isa = PBXFileReference; lastKnownFileType = sourcecode.c.objc; path = TMBaseVC.m; sourceTree = "<group>"; };
		183CC47B26AFE04400237D32 /* TMTableVC.h */ = {isa = PBXFileReference; lastKnownFileType = sourcecode.c.h; path = TMTableVC.h; sourceTree = "<group>"; };
		183CC47C26AFE04400237D32 /* TMTableVC.m */ = {isa = PBXFileReference; lastKnownFileType = sourcecode.c.objc; path = TMTableVC.m; sourceTree = "<group>"; };
		183CC47E26AFE06A00237D32 /* TMCell.h */ = {isa = PBXFileReference; lastKnownFileType = sourcecode.c.h; path = TMCell.h; sourceTree = "<group>"; };
		183CC47F26AFE06A00237D32 /* TMCell.m */ = {isa = PBXFileReference; lastKnownFileType = sourcecode.c.objc; path = TMCell.m; sourceTree = "<group>"; };
		183CC48126AFE07E00237D32 /* TMCellViewModel.h */ = {isa = PBXFileReference; lastKnownFileType = sourcecode.c.h; path = TMCellViewModel.h; sourceTree = "<group>"; };
		183CC48226AFE07E00237D32 /* TMCellViewModel.m */ = {isa = PBXFileReference; lastKnownFileType = sourcecode.c.objc; path = TMCellViewModel.m; sourceTree = "<group>"; };
		183CC48726AFF22200237D32 /* FirstVC.h */ = {isa = PBXFileReference; lastKnownFileType = sourcecode.c.h; path = FirstVC.h; sourceTree = "<group>"; };
		183CC48826AFF22200237D32 /* FirstVC.m */ = {isa = PBXFileReference; lastKnownFileType = sourcecode.c.objc; path = FirstVC.m; sourceTree = "<group>"; };
		183CC48B26AFF4F800237D32 /* TMRouter.h */ = {isa = PBXFileReference; lastKnownFileType = sourcecode.c.h; path = TMRouter.h; sourceTree = "<group>"; };
		183CC48C26AFF4F800237D32 /* TMRouter.m */ = {isa = PBXFileReference; lastKnownFileType = sourcecode.c.objc; path = TMRouter.m; sourceTree = "<group>"; };
		183CC49526AFF7F200237D32 /* UIViewController+Extension.h */ = {isa = PBXFileReference; lastKnownFileType = sourcecode.c.h; path = "UIViewController+Extension.h"; sourceTree = "<group>"; };
		183CC49626AFF7F200237D32 /* UIViewController+Extension.m */ = {isa = PBXFileReference; lastKnownFileType = sourcecode.c.objc; path = "UIViewController+Extension.m"; sourceTree = "<group>"; };
		183CC49826B007B500237D32 /* TMUserInfo.h */ = {isa = PBXFileReference; lastKnownFileType = sourcecode.c.h; path = TMUserInfo.h; sourceTree = "<group>"; };
		183CC49926B007B500237D32 /* TMUserInfo.m */ = {isa = PBXFileReference; lastKnownFileType = sourcecode.c.objc; path = TMUserInfo.m; sourceTree = "<group>"; };
		1F2428CAA9941C82094D7FD7 /* Pods-TMDH.release.xcconfig */ = {isa = PBXFileReference; includeInIndex = 1; lastKnownFileType = text.xcconfig; name = "Pods-TMDH.release.xcconfig"; path = "Target Support Files/Pods-TMDH/Pods-TMDH.release.xcconfig"; sourceTree = "<group>"; };
		79F703652EB3E097D4838886 /* Pods-TMDH-TMDHTests.release.xcconfig */ = {isa = PBXFileReference; includeInIndex = 1; lastKnownFileType = text.xcconfig; name = "Pods-TMDH-TMDHTests.release.xcconfig"; path = "Target Support Files/Pods-TMDH-TMDHTests/Pods-TMDH-TMDHTests.release.xcconfig"; sourceTree = "<group>"; };
		7C3EA9F3D9AFBA2E20C693A6 /* Pods-TMDH.debug.xcconfig */ = {isa = PBXFileReference; includeInIndex = 1; lastKnownFileType = text.xcconfig; name = "Pods-TMDH.debug.xcconfig"; path = "Target Support Files/Pods-TMDH/Pods-TMDH.debug.xcconfig"; sourceTree = "<group>"; };
		844CC2936B1A0B82772A8128 /* Pods-TMDH-TMDHUITests.debug.xcconfig */ = {isa = PBXFileReference; includeInIndex = 1; lastKnownFileType = text.xcconfig; name = "Pods-TMDH-TMDHUITests.debug.xcconfig"; path = "Target Support Files/Pods-TMDH-TMDHUITests/Pods-TMDH-TMDHUITests.debug.xcconfig"; sourceTree = "<group>"; };
		DC298C6B96EB926A608A44F8 /* libPods-TMDH.a */ = {isa = PBXFileReference; explicitFileType = archive.ar; includeInIndex = 0; path = "libPods-TMDH.a"; sourceTree = BUILT_PRODUCTS_DIR; };
		F18E9248059D2CBCF39555ED /* libPods-TMDH-TMDHTests.a */ = {isa = PBXFileReference; explicitFileType = archive.ar; includeInIndex = 0; path = "libPods-TMDH-TMDHTests.a"; sourceTree = BUILT_PRODUCTS_DIR; };
		F6DA230801DF866C48D9F0E4 /* Pods-TMDH-TMDHUITests.release.xcconfig */ = {isa = PBXFileReference; includeInIndex = 1; lastKnownFileType = text.xcconfig; name = "Pods-TMDH-TMDHUITests.release.xcconfig"; path = "Target Support Files/Pods-TMDH-TMDHUITests/Pods-TMDH-TMDHUITests.release.xcconfig"; sourceTree = "<group>"; };
/* End PBXFileReference section */

/* Begin PBXFrameworksBuildPhase section */
		183CC40826AEA57F00237D32 /* Frameworks */ = {
			isa = PBXFrameworksBuildPhase;
			buildActionMask = 2147483647;
			files = (
				241BB26C5BE2CDC791C4B5DB /* libPods-TMDH.a in Frameworks */,
			);
			runOnlyForDeploymentPostprocessing = 0;
		};
		183CC42326AEA58100237D32 /* Frameworks */ = {
			isa = PBXFrameworksBuildPhase;
			buildActionMask = 2147483647;
			files = (
				DF475AA454552EC5EF07FBFB /* libPods-TMDH-TMDHTests.a in Frameworks */,
			);
			runOnlyForDeploymentPostprocessing = 0;
		};
		183CC42E26AEA58100237D32 /* Frameworks */ = {
			isa = PBXFrameworksBuildPhase;
			buildActionMask = 2147483647;
			files = (
				9474DAB3D3761456B483AE26 /* libPods-TMDH-TMDHUITests.a in Frameworks */,
			);
			runOnlyForDeploymentPostprocessing = 0;
		};
/* End PBXFrameworksBuildPhase section */

/* Begin PBXGroup section */
		183CC40226AEA57F00237D32 = {
			isa = PBXGroup;
			children = (
				183CC40D26AEA57F00237D32 /* TMDH */,
				183CC42926AEA58100237D32 /* TMDHTests */,
				183CC43426AEA58100237D32 /* TMDHUITests */,
				183CC40C26AEA57F00237D32 /* Products */,
				B6B66A939901E5569A2DA12A /* Pods */,
				7E1800E99AA6EFEC9AFE1443 /* Frameworks */,
			);
			sourceTree = "<group>";
		};
		183CC40C26AEA57F00237D32 /* Products */ = {
			isa = PBXGroup;
			children = (
				183CC40B26AEA57F00237D32 /* TMDH.app */,
				183CC42626AEA58100237D32 /* TMDHTests.xctest */,
				183CC43126AEA58100237D32 /* TMDHUITests.xctest */,
			);
			name = Products;
			sourceTree = "<group>";
		};
		183CC40D26AEA57F00237D32 /* TMDH */ = {
			isa = PBXGroup;
			children = (
				183CC45126AEBFB200237D32 /* Page */,
				183CC45026AEBF9C00237D32 /* Category */,
				183CC44D26AEB36400237D32 /* Other */,
			);
			path = TMDH;
			sourceTree = "<group>";
		};
		183CC42926AEA58100237D32 /* TMDHTests */ = {
			isa = PBXGroup;
			children = (
				183CC42A26AEA58100237D32 /* TMDHTests.m */,
				183CC42C26AEA58100237D32 /* Info.plist */,
			);
			path = TMDHTests;
			sourceTree = "<group>";
		};
		183CC43426AEA58100237D32 /* TMDHUITests */ = {
			isa = PBXGroup;
			children = (
				183CC43526AEA58100237D32 /* TMDHUITests.m */,
				183CC43726AEA58100237D32 /* Info.plist */,
			);
			path = TMDHUITests;
			sourceTree = "<group>";
		};
		183CC44326AEB22300237D32 /* BaseVC */ = {
			isa = PBXGroup;
			children = (
				183CC48A26AFF48A00237D32 /* Tool */,
				183CC47A26AFE00700237D32 /* TableView */,
				183CC44426AEB25200237D32 /* TMNavigationVC.h */,
				183CC44526AEB25200237D32 /* TMNavigationVC.m */,
				183CC44726AEB2D500237D32 /* TMTabBarVC.h */,
				183CC44826AEB2D500237D32 /* TMTabBarVC.m */,
				183CC44A26AEB31900237D32 /* TMTabBarView.h */,
				183CC44B26AEB31900237D32 /* TMTabBarView.m */,
				183CC47726AFB86600237D32 /* TMBaseVC.h */,
				183CC47826AFB86600237D32 /* TMBaseVC.m */,
			);
			path = BaseVC;
			sourceTree = "<group>";
		};
		183CC44D26AEB36400237D32 /* Other */ = {
			isa = PBXGroup;
			children = (
				183CC40E26AEA57F00237D32 /* AppDelegate.h */,
				183CC40F26AEA57F00237D32 /* AppDelegate.m */,
				183CC41426AEA57F00237D32 /* ViewController.h */,
				183CC41526AEA57F00237D32 /* ViewController.m */,
				183CC48726AFF22200237D32 /* FirstVC.h */,
				183CC48826AFF22200237D32 /* FirstVC.m */,
				183CC41726AEA57F00237D32 /* Main.storyboard */,
				183CC41A26AEA58100237D32 /* Assets.xcassets */,
				183CC41C26AEA58100237D32 /* LaunchScreen.storyboard */,
				183CC41F26AEA58100237D32 /* Info.plist */,
				183CC42026AEA58100237D32 /* main.m */,
				183CC44E26AEB38A00237D32 /* PrefixHeader.pch */,
				183CC44F26AEBB3C00237D32 /* TMGeneralSetting.h */,
			);
			path = Other;
			sourceTree = "<group>";
		};
		183CC45026AEBF9C00237D32 /* Category */ = {
			isa = PBXGroup;
			children = (
				183CC48E26AFF5F200237D32 /* UIViewController */,
				183CC47026AFA5C100237D32 /* CustomMethods */,
				183CC46426AF9B9600237D32 /* MBProgressHUD */,
				183CC45F26AEC2C100237D32 /* NSDictionary */,
				183CC45E26AEC2B600237D32 /* UIColor */,
				183CC45D26AEC27A00237D32 /* UILabel */,
			);
			path = Category;
			sourceTree = "<group>";
		};
		183CC45126AEBFB200237D32 /* Page */ = {
			isa = PBXGroup;
			children = (
				183CC44326AEB22300237D32 /* BaseVC */,
			);
			path = Page;
			sourceTree = "<group>";
		};
		183CC45D26AEC27A00237D32 /* UILabel */ = {
			isa = PBXGroup;
			children = (
				183CC46026AEC32200237D32 /* UILabel+Extension.h */,
				183CC46126AEC32200237D32 /* UILabel+Extension.m */,
			);
			path = UILabel;
			sourceTree = "<group>";
		};
		183CC45E26AEC2B600237D32 /* UIColor */ = {
			isa = PBXGroup;
			children = (
				183CC45726AEC11F00237D32 /* UIColor+Extension.h */,
				183CC45826AEC11F00237D32 /* UIColor+Extension.m */,
			);
			path = UIColor;
			sourceTree = "<group>";
		};
		183CC45F26AEC2C100237D32 /* NSDictionary */ = {
			isa = PBXGroup;
			children = (
				183CC45A26AEC1F400237D32 /* NSDictionary+Extension.h */,
				183CC45B26AEC1F400237D32 /* NSDictionary+Extension.m */,
			);
			path = NSDictionary;
			sourceTree = "<group>";
		};
		183CC46426AF9B9600237D32 /* MBProgressHUD */ = {
			isa = PBXGroup;
			children = (
				183CC46A26AF9C0C00237D32 /* MBProgress_error@2x.png */,
				183CC46B26AF9C0C00237D32 /* MBProgress_error@3x.png */,
				183CC46826AF9C0B00237D32 /* MBProgress_success@2x.png */,
				183CC46926AF9C0B00237D32 /* MBProgress_success@3x.png */,
				183CC46526AF9BD500237D32 /* MBProgressHUD+Extension.h */,
				183CC46626AF9BD500237D32 /* MBProgressHUD+Extension.m */,
			);
			path = MBProgressHUD;
			sourceTree = "<group>";
		};
		183CC47026AFA5C100237D32 /* CustomMethods */ = {
			isa = PBXGroup;
			children = (
				183CC47126AFA5EF00237D32 /* TMLayerMethods.h */,
				183CC47226AFA5EF00237D32 /* TMLayerMethods.m */,
				183CC47426AFA63100237D32 /* TMCommonlyMethods.h */,
				183CC47526AFA63100237D32 /* TMCommonlyMethods.m */,
			);
			path = CustomMethods;
			sourceTree = "<group>";
		};
		183CC47A26AFE00700237D32 /* TableView */ = {
			isa = PBXGroup;
			children = (
				183CC47B26AFE04400237D32 /* TMTableVC.h */,
				183CC47C26AFE04400237D32 /* TMTableVC.m */,
				183CC47E26AFE06A00237D32 /* TMCell.h */,
				183CC47F26AFE06A00237D32 /* TMCell.m */,
				183CC48126AFE07E00237D32 /* TMCellViewModel.h */,
				183CC48226AFE07E00237D32 /* TMCellViewModel.m */,
			);
			path = TableView;
			sourceTree = "<group>";
		};
		183CC48A26AFF48A00237D32 /* Tool */ = {
			isa = PBXGroup;
			children = (
				183CC48B26AFF4F800237D32 /* TMRouter.h */,
				183CC48C26AFF4F800237D32 /* TMRouter.m */,
				183CC49826B007B500237D32 /* TMUserInfo.h */,
				183CC49926B007B500237D32 /* TMUserInfo.m */,
			);
			path = Tool;
			sourceTree = "<group>";
		};
		183CC48E26AFF5F200237D32 /* UIViewController */ = {
			isa = PBXGroup;
			children = (
				183CC49526AFF7F200237D32 /* UIViewController+Extension.h */,
				183CC49626AFF7F200237D32 /* UIViewController+Extension.m */,
			);
			path = UIViewController;
			sourceTree = "<group>";
		};
		7E1800E99AA6EFEC9AFE1443 /* Frameworks */ = {
			isa = PBXGroup;
			children = (
				DC298C6B96EB926A608A44F8 /* libPods-TMDH.a */,
				F18E9248059D2CBCF39555ED /* libPods-TMDH-TMDHTests.a */,
				16FB3A2F96225407122C15E4 /* libPods-TMDH-TMDHUITests.a */,
			);
			name = Frameworks;
			sourceTree = "<group>";
		};
		B6B66A939901E5569A2DA12A /* Pods */ = {
			isa = PBXGroup;
			children = (
				7C3EA9F3D9AFBA2E20C693A6 /* Pods-TMDH.debug.xcconfig */,
				1F2428CAA9941C82094D7FD7 /* Pods-TMDH.release.xcconfig */,
				0D30B8BBB20470557C4C9111 /* Pods-TMDH-TMDHTests.debug.xcconfig */,
				79F703652EB3E097D4838886 /* Pods-TMDH-TMDHTests.release.xcconfig */,
				844CC2936B1A0B82772A8128 /* Pods-TMDH-TMDHUITests.debug.xcconfig */,
				F6DA230801DF866C48D9F0E4 /* Pods-TMDH-TMDHUITests.release.xcconfig */,
			);
			path = Pods;
			sourceTree = "<group>";
		};
/* End PBXGroup section */

/* Begin PBXNativeTarget section */
		183CC40A26AEA57F00237D32 /* TMDH */ = {
			isa = PBXNativeTarget;
			buildConfigurationList = 183CC43A26AEA58100237D32 /* Build configuration list for PBXNativeTarget "TMDH" */;
			buildPhases = (
				93FA0288336AF4828ADC31B7 /* [CP] Check Pods Manifest.lock */,
				183CC40726AEA57F00237D32 /* Sources */,
				183CC40826AEA57F00237D32 /* Frameworks */,
				183CC40926AEA57F00237D32 /* Resources */,
				058466AF6D8BB6D422199402 /* [CP] Copy Pods Resources */,
			);
			buildRules = (
			);
			dependencies = (
			);
			name = TMDH;
			productName = TMDH;
			productReference = 183CC40B26AEA57F00237D32 /* TMDH.app */;
			productType = "com.apple.product-type.application";
		};
		183CC42526AEA58100237D32 /* TMDHTests */ = {
			isa = PBXNativeTarget;
			buildConfigurationList = 183CC43D26AEA58100237D32 /* Build configuration list for PBXNativeTarget "TMDHTests" */;
			buildPhases = (
				5D138FF49CA10D98E8AA82F8 /* [CP] Check Pods Manifest.lock */,
				183CC42226AEA58100237D32 /* Sources */,
				183CC42326AEA58100237D32 /* Frameworks */,
				183CC42426AEA58100237D32 /* Resources */,
				04280A47C73578E1CB8DC78A /* [CP] Copy Pods Resources */,
			);
			buildRules = (
			);
			dependencies = (
				183CC42826AEA58100237D32 /* PBXTargetDependency */,
			);
			name = TMDHTests;
			productName = TMDHTests;
			productReference = 183CC42626AEA58100237D32 /* TMDHTests.xctest */;
			productType = "com.apple.product-type.bundle.unit-test";
		};
		183CC43026AEA58100237D32 /* TMDHUITests */ = {
			isa = PBXNativeTarget;
			buildConfigurationList = 183CC44026AEA58100237D32 /* Build configuration list for PBXNativeTarget "TMDHUITests" */;
			buildPhases = (
				BEDF4583735F6E77A2DE7D8B /* [CP] Check Pods Manifest.lock */,
				183CC42D26AEA58100237D32 /* Sources */,
				183CC42E26AEA58100237D32 /* Frameworks */,
				183CC42F26AEA58100237D32 /* Resources */,
				01A4C35E3D3187506E917973 /* [CP] Copy Pods Resources */,
			);
			buildRules = (
			);
			dependencies = (
				183CC43326AEA58100237D32 /* PBXTargetDependency */,
			);
			name = TMDHUITests;
			productName = TMDHUITests;
			productReference = 183CC43126AEA58100237D32 /* TMDHUITests.xctest */;
			productType = "com.apple.product-type.bundle.ui-testing";
		};
/* End PBXNativeTarget section */

/* Begin PBXProject section */
		183CC40326AEA57F00237D32 /* Project object */ = {
			isa = PBXProject;
			attributes = {
				LastUpgradeCheck = 1250;
				TargetAttributes = {
					183CC40A26AEA57F00237D32 = {
						CreatedOnToolsVersion = 12.5.1;
					};
					183CC42526AEA58100237D32 = {
						CreatedOnToolsVersion = 12.5.1;
						TestTargetID = 183CC40A26AEA57F00237D32;
					};
					183CC43026AEA58100237D32 = {
						CreatedOnToolsVersion = 12.5.1;
						TestTargetID = 183CC40A26AEA57F00237D32;
					};
				};
			};
			buildConfigurationList = 183CC40626AEA57F00237D32 /* Build configuration list for PBXProject "TMDH" */;
			compatibilityVersion = "Xcode 9.3";
			developmentRegion = en;
			hasScannedForEncodings = 0;
			knownRegions = (
				en,
				Base,
			);
			mainGroup = 183CC40226AEA57F00237D32;
			productRefGroup = 183CC40C26AEA57F00237D32 /* Products */;
			projectDirPath = "";
			projectRoot = "";
			targets = (
				183CC40A26AEA57F00237D32 /* TMDH */,
				183CC42526AEA58100237D32 /* TMDHTests */,
				183CC43026AEA58100237D32 /* TMDHUITests */,
			);
		};
/* End PBXProject section */

/* Begin PBXResourcesBuildPhase section */
		183CC40926AEA57F00237D32 /* Resources */ = {
			isa = PBXResourcesBuildPhase;
			buildActionMask = 2147483647;
			files = (
				183CC41E26AEA58100237D32 /* LaunchScreen.storyboard in Resources */,
				183CC46F26AF9C0C00237D32 /* MBProgress_error@3x.png in Resources */,
				183CC46D26AF9C0C00237D32 /* MBProgress_success@3x.png in Resources */,
				183CC41B26AEA58100237D32 /* Assets.xcassets in Resources */,
				183CC46C26AF9C0C00237D32 /* MBProgress_success@2x.png in Resources */,
				183CC41926AEA57F00237D32 /* Main.storyboard in Resources */,
				183CC46E26AF9C0C00237D32 /* MBProgress_error@2x.png in Resources */,
			);
			runOnlyForDeploymentPostprocessing = 0;
		};
		183CC42426AEA58100237D32 /* Resources */ = {
			isa = PBXResourcesBuildPhase;
			buildActionMask = 2147483647;
			files = (
			);
			runOnlyForDeploymentPostprocessing = 0;
		};
		183CC42F26AEA58100237D32 /* Resources */ = {
			isa = PBXResourcesBuildPhase;
			buildActionMask = 2147483647;
			files = (
			);
			runOnlyForDeploymentPostprocessing = 0;
		};
/* End PBXResourcesBuildPhase section */

/* Begin PBXShellScriptBuildPhase section */
		01A4C35E3D3187506E917973 /* [CP] Copy Pods Resources */ = {
			isa = PBXShellScriptBuildPhase;
			buildActionMask = 2147483647;
			files = (
			);
			inputFileListPaths = (
				"${PODS_ROOT}/Target Support Files/Pods-TMDH-TMDHUITests/Pods-TMDH-TMDHUITests-resources-${CONFIGURATION}-input-files.xcfilelist",
			);
			name = "[CP] Copy Pods Resources";
			outputFileListPaths = (
				"${PODS_ROOT}/Target Support Files/Pods-TMDH-TMDHUITests/Pods-TMDH-TMDHUITests-resources-${CONFIGURATION}-output-files.xcfilelist",
			);
			runOnlyForDeploymentPostprocessing = 0;
			shellPath = /bin/sh;
			shellScript = "\"${PODS_ROOT}/Target Support Files/Pods-TMDH-TMDHUITests/Pods-TMDH-TMDHUITests-resources.sh\"\n";
			showEnvVarsInLog = 0;
		};
		04280A47C73578E1CB8DC78A /* [CP] Copy Pods Resources */ = {
			isa = PBXShellScriptBuildPhase;
			buildActionMask = 2147483647;
			files = (
			);
			inputFileListPaths = (
				"${PODS_ROOT}/Target Support Files/Pods-TMDH-TMDHTests/Pods-TMDH-TMDHTests-resources-${CONFIGURATION}-input-files.xcfilelist",
			);
			name = "[CP] Copy Pods Resources";
			outputFileListPaths = (
				"${PODS_ROOT}/Target Support Files/Pods-TMDH-TMDHTests/Pods-TMDH-TMDHTests-resources-${CONFIGURATION}-output-files.xcfilelist",
			);
			runOnlyForDeploymentPostprocessing = 0;
			shellPath = /bin/sh;
			shellScript = "\"${PODS_ROOT}/Target Support Files/Pods-TMDH-TMDHTests/Pods-TMDH-TMDHTests-resources.sh\"\n";
			showEnvVarsInLog = 0;
		};
		058466AF6D8BB6D422199402 /* [CP] Copy Pods Resources */ = {
			isa = PBXShellScriptBuildPhase;
			buildActionMask = 2147483647;
			files = (
			);
			inputFileListPaths = (
				"${PODS_ROOT}/Target Support Files/Pods-TMDH/Pods-TMDH-resources-${CONFIGURATION}-input-files.xcfilelist",
			);
			name = "[CP] Copy Pods Resources";
			outputFileListPaths = (
				"${PODS_ROOT}/Target Support Files/Pods-TMDH/Pods-TMDH-resources-${CONFIGURATION}-output-files.xcfilelist",
			);
			runOnlyForDeploymentPostprocessing = 0;
			shellPath = /bin/sh;
			shellScript = "\"${PODS_ROOT}/Target Support Files/Pods-TMDH/Pods-TMDH-resources.sh\"\n";
			showEnvVarsInLog = 0;
		};
		5D138FF49CA10D98E8AA82F8 /* [CP] Check Pods Manifest.lock */ = {
			isa = PBXShellScriptBuildPhase;
			buildActionMask = 2147483647;
			files = (
			);
			inputFileListPaths = (
			);
			inputPaths = (
				"${PODS_PODFILE_DIR_PATH}/Podfile.lock",
				"${PODS_ROOT}/Manifest.lock",
			);
			name = "[CP] Check Pods Manifest.lock";
			outputFileListPaths = (
			);
			outputPaths = (
				"$(DERIVED_FILE_DIR)/Pods-TMDH-TMDHTests-checkManifestLockResult.txt",
			);
			runOnlyForDeploymentPostprocessing = 0;
			shellPath = /bin/sh;
			shellScript = "diff \"${PODS_PODFILE_DIR_PATH}/Podfile.lock\" \"${PODS_ROOT}/Manifest.lock\" > /dev/null\nif [ $? != 0 ] ; then\n    # print error to STDERR\n    echo \"error: The sandbox is not in sync with the Podfile.lock. Run 'pod install' or update your CocoaPods installation.\" >&2\n    exit 1\nfi\n# This output is used by Xcode 'outputs' to avoid re-running this script phase.\necho \"SUCCESS\" > \"${SCRIPT_OUTPUT_FILE_0}\"\n";
			showEnvVarsInLog = 0;
		};
		93FA0288336AF4828ADC31B7 /* [CP] Check Pods Manifest.lock */ = {
			isa = PBXShellScriptBuildPhase;
			buildActionMask = 2147483647;
			files = (
			);
			inputFileListPaths = (
			);
			inputPaths = (
				"${PODS_PODFILE_DIR_PATH}/Podfile.lock",
				"${PODS_ROOT}/Manifest.lock",
			);
			name = "[CP] Check Pods Manifest.lock";
			outputFileListPaths = (
			);
			outputPaths = (
				"$(DERIVED_FILE_DIR)/Pods-TMDH-checkManifestLockResult.txt",
			);
			runOnlyForDeploymentPostprocessing = 0;
			shellPath = /bin/sh;
			shellScript = "diff \"${PODS_PODFILE_DIR_PATH}/Podfile.lock\" \"${PODS_ROOT}/Manifest.lock\" > /dev/null\nif [ $? != 0 ] ; then\n    # print error to STDERR\n    echo \"error: The sandbox is not in sync with the Podfile.lock. Run 'pod install' or update your CocoaPods installation.\" >&2\n    exit 1\nfi\n# This output is used by Xcode 'outputs' to avoid re-running this script phase.\necho \"SUCCESS\" > \"${SCRIPT_OUTPUT_FILE_0}\"\n";
			showEnvVarsInLog = 0;
		};
		BEDF4583735F6E77A2DE7D8B /* [CP] Check Pods Manifest.lock */ = {
			isa = PBXShellScriptBuildPhase;
			buildActionMask = 2147483647;
			files = (
			);
			inputFileListPaths = (
			);
			inputPaths = (
				"${PODS_PODFILE_DIR_PATH}/Podfile.lock",
				"${PODS_ROOT}/Manifest.lock",
			);
			name = "[CP] Check Pods Manifest.lock";
			outputFileListPaths = (
			);
			outputPaths = (
				"$(DERIVED_FILE_DIR)/Pods-TMDH-TMDHUITests-checkManifestLockResult.txt",
			);
			runOnlyForDeploymentPostprocessing = 0;
			shellPath = /bin/sh;
			shellScript = "diff \"${PODS_PODFILE_DIR_PATH}/Podfile.lock\" \"${PODS_ROOT}/Manifest.lock\" > /dev/null\nif [ $? != 0 ] ; then\n    # print error to STDERR\n    echo \"error: The sandbox is not in sync with the Podfile.lock. Run 'pod install' or update your CocoaPods installation.\" >&2\n    exit 1\nfi\n# This output is used by Xcode 'outputs' to avoid re-running this script phase.\necho \"SUCCESS\" > \"${SCRIPT_OUTPUT_FILE_0}\"\n";
			showEnvVarsInLog = 0;
		};
/* End PBXShellScriptBuildPhase section */

/* Begin PBXSourcesBuildPhase section */
		183CC40726AEA57F00237D32 /* Sources */ = {
			isa = PBXSourcesBuildPhase;
			buildActionMask = 2147483647;
			files = (
				183CC41626AEA57F00237D32 /* ViewController.m in Sources */,
				183CC48D26AFF4F800237D32 /* TMRouter.m in Sources */,
				183CC47626AFA63100237D32 /* TMCommonlyMethods.m in Sources */,
				183CC46726AF9BD500237D32 /* MBProgressHUD+Extension.m in Sources */,
				183CC44C26AEB31900237D32 /* TMTabBarView.m in Sources */,
				183CC45C26AEC1F400237D32 /* NSDictionary+Extension.m in Sources */,
				183CC44926AEB2D500237D32 /* TMTabBarVC.m in Sources */,
				183CC47D26AFE04400237D32 /* TMTableVC.m in Sources */,
				183CC49726AFF7F200237D32 /* UIViewController+Extension.m in Sources */,
				183CC48926AFF22200237D32 /* FirstVC.m in Sources */,
				183CC47326AFA5F000237D32 /* TMLayerMethods.m in Sources */,
				183CC48026AFE06A00237D32 /* TMCell.m in Sources */,
				183CC48326AFE07E00237D32 /* TMCellViewModel.m in Sources */,
				183CC47926AFB86600237D32 /* TMBaseVC.m in Sources */,
				183CC44626AEB25200237D32 /* TMNavigationVC.m in Sources */,
				183CC49A26B007B500237D32 /* TMUserInfo.m in Sources */,
				183CC41026AEA57F00237D32 /* AppDelegate.m in Sources */,
				183CC45926AEC11F00237D32 /* UIColor+Extension.m in Sources */,
				183CC46226AEC32200237D32 /* UILabel+Extension.m in Sources */,
				183CC42126AEA58100237D32 /* main.m in Sources */,
			);
			runOnlyForDeploymentPostprocessing = 0;
		};
		183CC42226AEA58100237D32 /* Sources */ = {
			isa = PBXSourcesBuildPhase;
			buildActionMask = 2147483647;
			files = (
				183CC42B26AEA58100237D32 /* TMDHTests.m in Sources */,
			);
			runOnlyForDeploymentPostprocessing = 0;
		};
		183CC42D26AEA58100237D32 /* Sources */ = {
			isa = PBXSourcesBuildPhase;
			buildActionMask = 2147483647;
			files = (
				183CC43626AEA58100237D32 /* TMDHUITests.m in Sources */,
			);
			runOnlyForDeploymentPostprocessing = 0;
		};
/* End PBXSourcesBuildPhase section */

/* Begin PBXTargetDependency section */
		183CC42826AEA58100237D32 /* PBXTargetDependency */ = {
			isa = PBXTargetDependency;
			target = 183CC40A26AEA57F00237D32 /* TMDH */;
			targetProxy = 183CC42726AEA58100237D32 /* PBXContainerItemProxy */;
		};
		183CC43326AEA58100237D32 /* PBXTargetDependency */ = {
			isa = PBXTargetDependency;
			target = 183CC40A26AEA57F00237D32 /* TMDH */;
			targetProxy = 183CC43226AEA58100237D32 /* PBXContainerItemProxy */;
		};
/* End PBXTargetDependency section */

/* Begin PBXVariantGroup section */
		183CC41726AEA57F00237D32 /* Main.storyboard */ = {
			isa = PBXVariantGroup;
			children = (
				183CC41826AEA57F00237D32 /* Base */,
			);
			name = Main.storyboard;
			sourceTree = "<group>";
		};
		183CC41C26AEA58100237D32 /* LaunchScreen.storyboard */ = {
			isa = PBXVariantGroup;
			children = (
				183CC41D26AEA58100237D32 /* Base */,
			);
			name = LaunchScreen.storyboard;
			sourceTree = "<group>";
		};
/* End PBXVariantGroup section */

/* Begin XCBuildConfiguration section */
		183CC43826AEA58100237D32 /* Debug */ = {
			isa = XCBuildConfiguration;
			buildSettings = {
				ALWAYS_SEARCH_USER_PATHS = NO;
				CLANG_ANALYZER_NONNULL = YES;
				CLANG_ANALYZER_NUMBER_OBJECT_CONVERSION = YES_AGGRESSIVE;
				CLANG_CXX_LANGUAGE_STANDARD = "gnu++14";
				CLANG_CXX_LIBRARY = "libc++";
				CLANG_ENABLE_MODULES = YES;
				CLANG_ENABLE_OBJC_ARC = YES;
				CLANG_ENABLE_OBJC_WEAK = YES;
				CLANG_WARN_BLOCK_CAPTURE_AUTORELEASING = YES;
				CLANG_WARN_BOOL_CONVERSION = YES;
				CLANG_WARN_COMMA = YES;
				CLANG_WARN_CONSTANT_CONVERSION = YES;
				CLANG_WARN_DEPRECATED_OBJC_IMPLEMENTATIONS = YES;
				CLANG_WARN_DIRECT_OBJC_ISA_USAGE = YES_ERROR;
				CLANG_WARN_DOCUMENTATION_COMMENTS = YES;
				CLANG_WARN_EMPTY_BODY = YES;
				CLANG_WARN_ENUM_CONVERSION = YES;
				CLANG_WARN_INFINITE_RECURSION = YES;
				CLANG_WARN_INT_CONVERSION = YES;
				CLANG_WARN_NON_LITERAL_NULL_CONVERSION = YES;
				CLANG_WARN_OBJC_IMPLICIT_RETAIN_SELF = YES;
				CLANG_WARN_OBJC_LITERAL_CONVERSION = YES;
				CLANG_WARN_OBJC_ROOT_CLASS = YES_ERROR;
				CLANG_WARN_QUOTED_INCLUDE_IN_FRAMEWORK_HEADER = YES;
				CLANG_WARN_RANGE_LOOP_ANALYSIS = YES;
				CLANG_WARN_STRICT_PROTOTYPES = YES;
				CLANG_WARN_SUSPICIOUS_MOVE = YES;
				CLANG_WARN_UNGUARDED_AVAILABILITY = YES_AGGRESSIVE;
				CLANG_WARN_UNREACHABLE_CODE = YES;
				CLANG_WARN__DUPLICATE_METHOD_MATCH = YES;
				COPY_PHASE_STRIP = NO;
				DEBUG_INFORMATION_FORMAT = dwarf;
				ENABLE_STRICT_OBJC_MSGSEND = YES;
				ENABLE_TESTABILITY = YES;
				GCC_C_LANGUAGE_STANDARD = gnu11;
				GCC_DYNAMIC_NO_PIC = NO;
				GCC_NO_COMMON_BLOCKS = YES;
				GCC_OPTIMIZATION_LEVEL = 0;
				GCC_PREPROCESSOR_DEFINITIONS = (
					"DEBUG=1",
					"$(inherited)",
				);
				GCC_WARN_64_TO_32_BIT_CONVERSION = YES;
				GCC_WARN_ABOUT_RETURN_TYPE = YES_ERROR;
				GCC_WARN_UNDECLARED_SELECTOR = YES;
				GCC_WARN_UNINITIALIZED_AUTOS = YES_AGGRESSIVE;
				GCC_WARN_UNUSED_FUNCTION = YES;
				GCC_WARN_UNUSED_VARIABLE = YES;
				IPHONEOS_DEPLOYMENT_TARGET = 9.0;
				MTL_ENABLE_DEBUG_INFO = INCLUDE_SOURCE;
				MTL_FAST_MATH = YES;
				ONLY_ACTIVE_ARCH = YES;
				SDKROOT = iphoneos;
			};
			name = Debug;
		};
		183CC43926AEA58100237D32 /* Release */ = {
			isa = XCBuildConfiguration;
			buildSettings = {
				ALWAYS_SEARCH_USER_PATHS = NO;
				CLANG_ANALYZER_NONNULL = YES;
				CLANG_ANALYZER_NUMBER_OBJECT_CONVERSION = YES_AGGRESSIVE;
				CLANG_CXX_LANGUAGE_STANDARD = "gnu++14";
				CLANG_CXX_LIBRARY = "libc++";
				CLANG_ENABLE_MODULES = YES;
				CLANG_ENABLE_OBJC_ARC = YES;
				CLANG_ENABLE_OBJC_WEAK = YES;
				CLANG_WARN_BLOCK_CAPTURE_AUTORELEASING = YES;
				CLANG_WARN_BOOL_CONVERSION = YES;
				CLANG_WARN_COMMA = YES;
				CLANG_WARN_CONSTANT_CONVERSION = YES;
				CLANG_WARN_DEPRECATED_OBJC_IMPLEMENTATIONS = YES;
				CLANG_WARN_DIRECT_OBJC_ISA_USAGE = YES_ERROR;
				CLANG_WARN_DOCUMENTATION_COMMENTS = YES;
				CLANG_WARN_EMPTY_BODY = YES;
				CLANG_WARN_ENUM_CONVERSION = YES;
				CLANG_WARN_INFINITE_RECURSION = YES;
				CLANG_WARN_INT_CONVERSION = YES;
				CLANG_WARN_NON_LITERAL_NULL_CONVERSION = YES;
				CLANG_WARN_OBJC_IMPLICIT_RETAIN_SELF = YES;
				CLANG_WARN_OBJC_LITERAL_CONVERSION = YES;
				CLANG_WARN_OBJC_ROOT_CLASS = YES_ERROR;
				CLANG_WARN_QUOTED_INCLUDE_IN_FRAMEWORK_HEADER = YES;
				CLANG_WARN_RANGE_LOOP_ANALYSIS = YES;
				CLANG_WARN_STRICT_PROTOTYPES = YES;
				CLANG_WARN_SUSPICIOUS_MOVE = YES;
				CLANG_WARN_UNGUARDED_AVAILABILITY = YES_AGGRESSIVE;
				CLANG_WARN_UNREACHABLE_CODE = YES;
				CLANG_WARN__DUPLICATE_METHOD_MATCH = YES;
				COPY_PHASE_STRIP = NO;
				DEBUG_INFORMATION_FORMAT = "dwarf-with-dsym";
				ENABLE_NS_ASSERTIONS = NO;
				ENABLE_STRICT_OBJC_MSGSEND = YES;
				GCC_C_LANGUAGE_STANDARD = gnu11;
				GCC_NO_COMMON_BLOCKS = YES;
				GCC_WARN_64_TO_32_BIT_CONVERSION = YES;
				GCC_WARN_ABOUT_RETURN_TYPE = YES_ERROR;
				GCC_WARN_UNDECLARED_SELECTOR = YES;
				GCC_WARN_UNINITIALIZED_AUTOS = YES_AGGRESSIVE;
				GCC_WARN_UNUSED_FUNCTION = YES;
				GCC_WARN_UNUSED_VARIABLE = YES;
				IPHONEOS_DEPLOYMENT_TARGET = 9.0;
				MTL_ENABLE_DEBUG_INFO = NO;
				MTL_FAST_MATH = YES;
				SDKROOT = iphoneos;
				VALIDATE_PRODUCT = YES;
			};
			name = Release;
		};
		183CC43B26AEA58100237D32 /* Debug */ = {
			isa = XCBuildConfiguration;
			baseConfigurationReference = 7C3EA9F3D9AFBA2E20C693A6 /* Pods-TMDH.debug.xcconfig */;
			buildSettings = {
				ASSETCATALOG_COMPILER_APPICON_NAME = AppIcon;
				ASSETCATALOG_COMPILER_GLOBAL_ACCENT_COLOR_NAME = AccentColor;
				CODE_SIGN_STYLE = Automatic;
				DEVELOPMENT_TEAM = QGH594GT6R;
				GCC_PRECOMPILE_PREFIX_HEADER = YES;
				GCC_PREFIX_HEADER = "$(SRCROOT)/TMDH/Other/PrefixHeader.pch";
				INFOPLIST_FILE = TMDH/Other/Info.plist;
				IPHONEOS_DEPLOYMENT_TARGET = 9.0;
				LD_RUNPATH_SEARCH_PATHS = (
					"$(inherited)",
					"@executable_path/Frameworks",
				);
				PRODUCT_BUNDLE_IDENTIFIER = com.lichang.app.TMDH;
				PRODUCT_NAME = "$(TARGET_NAME)";
				TARGETED_DEVICE_FAMILY = "1,2";
				USER_HEADER_SEARCH_PATHS = "$(PODS_ROOT)/**";
			};
			name = Debug;
		};
		183CC43C26AEA58100237D32 /* Release */ = {
			isa = XCBuildConfiguration;
			baseConfigurationReference = 1F2428CAA9941C82094D7FD7 /* Pods-TMDH.release.xcconfig */;
			buildSettings = {
				ASSETCATALOG_COMPILER_APPICON_NAME = AppIcon;
				ASSETCATALOG_COMPILER_GLOBAL_ACCENT_COLOR_NAME = AccentColor;
				CODE_SIGN_STYLE = Automatic;
				DEVELOPMENT_TEAM = QGH594GT6R;
				GCC_PRECOMPILE_PREFIX_HEADER = YES;
				GCC_PREFIX_HEADER = "$(SRCROOT)/TMDH/Other/PrefixHeader.pch";
				INFOPLIST_FILE = TMDH/Other/Info.plist;
				IPHONEOS_DEPLOYMENT_TARGET = 9.0;
				LD_RUNPATH_SEARCH_PATHS = (
					"$(inherited)",
					"@executable_path/Frameworks",
				);
				PRODUCT_BUNDLE_IDENTIFIER = com.lichang.app.TMDH;
				PRODUCT_NAME = "$(TARGET_NAME)";
				TARGETED_DEVICE_FAMILY = "1,2";
				USER_HEADER_SEARCH_PATHS = "$(PODS_ROOT)/**";
			};
			name = Release;
		};
		183CC43E26AEA58100237D32 /* Debug */ = {
			isa = XCBuildConfiguration;
			baseConfigurationReference = 0D30B8BBB20470557C4C9111 /* Pods-TMDH-TMDHTests.debug.xcconfig */;
			buildSettings = {
				BUNDLE_LOADER = "$(TEST_HOST)";
				CODE_SIGN_STYLE = Automatic;
				DEVELOPMENT_TEAM = QGH594GT6R;
				INFOPLIST_FILE = TMDHTests/Info.plist;
				IPHONEOS_DEPLOYMENT_TARGET = 14.5;
				LD_RUNPATH_SEARCH_PATHS = (
					"$(inherited)",
					"@executable_path/Frameworks",
					"@loader_path/Frameworks",
				);
				PRODUCT_BUNDLE_IDENTIFIER = com.lichang.app.TMDHTests;
				PRODUCT_NAME = "$(TARGET_NAME)";
				TARGETED_DEVICE_FAMILY = "1,2";
				TEST_HOST = "$(BUILT_PRODUCTS_DIR)/TMDH.app/TMDH";
			};
			name = Debug;
		};
		183CC43F26AEA58100237D32 /* Release */ = {
			isa = XCBuildConfiguration;
			baseConfigurationReference = 79F703652EB3E097D4838886 /* Pods-TMDH-TMDHTests.release.xcconfig */;
			buildSettings = {
				BUNDLE_LOADER = "$(TEST_HOST)";
				CODE_SIGN_STYLE = Automatic;
				DEVELOPMENT_TEAM = QGH594GT6R;
				INFOPLIST_FILE = TMDHTests/Info.plist;
				IPHONEOS_DEPLOYMENT_TARGET = 14.5;
				LD_RUNPATH_SEARCH_PATHS = (
					"$(inherited)",
					"@executable_path/Frameworks",
					"@loader_path/Frameworks",
				);
				PRODUCT_BUNDLE_IDENTIFIER = com.lichang.app.TMDHTests;
				PRODUCT_NAME = "$(TARGET_NAME)";
				TARGETED_DEVICE_FAMILY = "1,2";
				TEST_HOST = "$(BUILT_PRODUCTS_DIR)/TMDH.app/TMDH";
			};
			name = Release;
		};
		183CC44126AEA58100237D32 /* Debug */ = {
			isa = XCBuildConfiguration;
			baseConfigurationReference = 844CC2936B1A0B82772A8128 /* Pods-TMDH-TMDHUITests.debug.xcconfig */;
			buildSettings = {
				CODE_SIGN_STYLE = Automatic;
				DEVELOPMENT_TEAM = QGH594GT6R;
				INFOPLIST_FILE = TMDHUITests/Info.plist;
				LD_RUNPATH_SEARCH_PATHS = (
					"$(inherited)",
					"@executable_path/Frameworks",
					"@loader_path/Frameworks",
				);
				PRODUCT_BUNDLE_IDENTIFIER = com.lichang.app.TMDHUITests;
				PRODUCT_NAME = "$(TARGET_NAME)";
				TARGETED_DEVICE_FAMILY = "1,2";
				TEST_TARGET_NAME = TMDH;
			};
			name = Debug;
		};
		183CC44226AEA58100237D32 /* Release */ = {
			isa = XCBuildConfiguration;
			baseConfigurationReference = F6DA230801DF866C48D9F0E4 /* Pods-TMDH-TMDHUITests.release.xcconfig */;
			buildSettings = {
				CODE_SIGN_STYLE = Automatic;
				DEVELOPMENT_TEAM = QGH594GT6R;
				INFOPLIST_FILE = TMDHUITests/Info.plist;
				LD_RUNPATH_SEARCH_PATHS = (
					"$(inherited)",
					"@executable_path/Frameworks",
					"@loader_path/Frameworks",
				);
				PRODUCT_BUNDLE_IDENTIFIER = com.lichang.app.TMDHUITests;
				PRODUCT_NAME = "$(TARGET_NAME)";
				TARGETED_DEVICE_FAMILY = "1,2";
				TEST_TARGET_NAME = TMDH;
			};
			name = Release;
		};
/* End XCBuildConfiguration section */

/* Begin XCConfigurationList section */
		183CC40626AEA57F00237D32 /* Build configuration list for PBXProject "TMDH" */ = {
			isa = XCConfigurationList;
			buildConfigurations = (
				183CC43826AEA58100237D32 /* Debug */,
				183CC43926AEA58100237D32 /* Release */,
			);
			defaultConfigurationIsVisible = 0;
			defaultConfigurationName = Release;
		};
		183CC43A26AEA58100237D32 /* Build configuration list for PBXNativeTarget "TMDH" */ = {
			isa = XCConfigurationList;
			buildConfigurations = (
				183CC43B26AEA58100237D32 /* Debug */,
				183CC43C26AEA58100237D32 /* Release */,
			);
			defaultConfigurationIsVisible = 0;
			defaultConfigurationName = Release;
		};
		183CC43D26AEA58100237D32 /* Build configuration list for PBXNativeTarget "TMDHTests" */ = {
			isa = XCConfigurationList;
			buildConfigurations = (
				183CC43E26AEA58100237D32 /* Debug */,
				183CC43F26AEA58100237D32 /* Release */,
			);
			defaultConfigurationIsVisible = 0;
			defaultConfigurationName = Release;
		};
		183CC44026AEA58100237D32 /* Build configuration list for PBXNativeTarget "TMDHUITests" */ = {
			isa = XCConfigurationList;
			buildConfigurations = (
				183CC44126AEA58100237D32 /* Debug */,
				183CC44226AEA58100237D32 /* Release */,
			);
			defaultConfigurationIsVisible = 0;
			defaultConfigurationName = Release;
		};
/* End XCConfigurationList section */
	};
	rootObject = 183CC40326AEA57F00237D32 /* Project object */;
}
